
Microsoft Visual Studio Solution File, Format Version 12.00
# Visual Studio 15
VisualStudioVersion = 15.0.28307.102
MinimumVisualStudioVersion = 10.0.40219.1
Project("{FAE04EC0-301F-11D3-BF4B-00C04F79EFBC}") = "App3.Android", "App3\App3.Android\App3.Android.csproj", "{54F9B31C-C86E-48E9-9ACB-95EF11AFE3CC}"
EndProject
Project("{FAE04EC0-301F-11D3-BF4B-00C04F79EFBC}") = "App3", "App3\App3\App3.csproj", "{3164F82D-31A2-4BD1-A8AC-DD307DE31210}"
EndProject
Global
	GlobalSection(SolutionConfigurationPlatforms) = preSolution
		Debug|Any CPU = Debug|Any CPU
		Release|Any CPU = Release|Any CPU
	EndGlobalSection
	GlobalSection(ProjectConfigurationPlatforms) = postSolution
		{54F9B31C-C86E-48E9-9ACB-95EF11AFE3CC}.Debug|Any CPU.ActiveCfg = Debug|Any CPU
		{54F9B31C-C86E-48E9-9ACB-95EF11AFE3CC}.Debug|Any CPU.Build.0 = Debug|Any CPU
		{54F9B31C-C86E-48E9-9ACB-95EF11AFE3CC}.Debug|Any CPU.Deploy.0 = Debug|Any CPU
		{54F9B31C-C86E-48E9-9ACB-95EF11AFE3CC}.Release|Any CPU.ActiveCfg = Release|Any CPU
		{54F9B31C-C86E-48E9-9ACB-95EF11AFE3CC}.Release|Any CPU.Build.0 = Release|Any CPU
		{54F9B31C-C86E-48E9-9ACB-95EF11AFE3CC}.Release|Any CPU.Deploy.0 = Release|Any CPU
		{3164F82D-31A2-4BD1-A8AC-DD307DE31210}.Debug|Any CPU.ActiveCfg = Debug|Any CPU
		{3164F82D-31A2-4BD1-A8AC-DD307DE31210}.Debug|Any CPU.Build.0 = Debug|Any CPU
		{3164F82D-31A2-4BD1-A8AC-DD307DE31210}.Debug|Any CPU.Deploy.0 = Debug|Any CPU
		{3164F82D-31A2-4BD1-A8AC-DD307DE31210}.Release|Any CPU.ActiveCfg = Release|Any CPU
		{3164F82D-31A2-4BD1-A8AC-DD307DE31210}.Release|Any CPU.Build.0 = Release|Any CPU
		{3164F82D-31A2-4BD1-A8AC-DD307DE31210}.Release|Any CPU.Deploy.0 = Release|Any CPU
	EndGlobalSection
	GlobalSection(SolutionProperties) = preSolution
		HideSolutionNode = FALSE
	EndGlobalSection
	GlobalSection(ExtensibilityGlobals) = postSolution
		SolutionGuid = {F699A657-E225-4AFA-B1B5-409E07DFD91A}
	EndGlobalSection
EndGlobal
